{
  "nodes": {
    "authentik-nix": {
      "inputs": {
        "authentik-src": "authentik-src",
        "flake-compat": "flake-compat",
        "flake-parts": "flake-parts",
        "flake-utils": "flake-utils",
        "napalm": "napalm",
        "nixpkgs": "nixpkgs",
        "pyproject-build-systems": "pyproject-build-systems",
        "pyproject-nix": "pyproject-nix",
        "systems": "systems",
        "uv2nix": "uv2nix"
      },
      "locked": {
        "lastModified": 1751033152,
        "narHash": "sha256-0ANu9OLQJszcEyvnfDB7G957uqskZwCrTzRXz/yfAmE=",
        "owner": "nix-community",
        "repo": "authentik-nix",
        "rev": "1a4d6a5dd6fef39b99eb7ea4db79c5d5c7d7f1bf",
        "type": "github"
      },
      "original": {
        "owner": "nix-community",
        "repo": "authentik-nix",
        "type": "github"
      }
    },
    "authentik-src": {
      "flake": false,
      "locked": {
        "lastModified": 1751031262,
        "narHash": "sha256-SNgRMQUjL3DTlWkMyRMan+pY1FfIV+DMeq5BiTM0N0k=",
        "owner": "goauthentik",
        "repo": "authentik",
        "rev": "b34665fabd8d938d81ce871a4e86ca528c5f253b",
        "type": "github"
      },
      "original": {
        "owner": "goauthentik",
        "ref": "version/2025.4.3",
        "repo": "authentik",
        "type": "github"
      }
    },
    "checkemail": {
      "inputs": {
        "flake-utils": "flake-utils_2",
        "nixpkgs": [
          "nixpkgs"
        ],
        "rust-overlay": "rust-overlay"
      },
      "locked": {
        "lastModified": 1751431382,
        "narHash": "sha256-NaVmCWr5TV9mGYIbUhH/3SSHCBCTSQq5Ur4zHXwF4sE=",
        "owner": "sebastianrasor",
        "repo": "checkemail",
        "rev": "dec7ef67ce1e0a934289baeaac342f0e69e3329d",
        "type": "github"
      },
      "original": {
        "owner": "sebastianrasor",
        "repo": "checkemail",
        "type": "github"
      }
    },
    "crane": {
      "locked": {
        "lastModified": 1731098351,
        "narHash": "sha256-HQkYvKvaLQqNa10KEFGgWHfMAbWBfFp+4cAgkut+NNE=",
        "owner": "ipetkov",
        "repo": "crane",
        "rev": "ef80ead953c1b28316cc3f8613904edc2eb90c28",
        "type": "github"
      },
      "original": {
        "owner": "ipetkov",
        "repo": "crane",
        "type": "github"
      }
    },
    "deploy-rs": {
      "inputs": {
        "flake-compat": "flake-compat_2",
        "nixpkgs": "nixpkgs_3",
        "utils": "utils"
      },
      "locked": {
        "lastModified": 1749105467,
        "narHash": "sha256-hXh76y/wDl15almBcqvjryB50B0BaiXJKk20f314RoE=",
        "owner": "serokell",
        "repo": "deploy-rs",
        "rev": "6bc76b872374845ba9d645a2f012b764fecd765f",
        "type": "github"
      },
      "original": {
        "owner": "serokell",
        "repo": "deploy-rs",
        "type": "github"
      }
    },
    "flake-compat": {
      "flake": false,
      "locked": {
        "lastModified": 1747046372,
        "narHash": "sha256-CIVLLkVgvHYbgI2UpXvIIBJ12HWgX+fjA8Xf8PUmqCY=",
        "owner": "edolstra",
        "repo": "flake-compat",
        "rev": "9100a0f413b0c601e0533d1d94ffd501ce2e7885",
        "type": "github"
      },
      "original": {
        "owner": "edolstra",
        "repo": "flake-compat",
        "type": "github"
      }
    },
    "flake-compat_2": {
      "flake": false,
      "locked": {
        "lastModified": 1733328505,
        "narHash": "sha256-NeCCThCEP3eCl2l/+27kNNK7QrwZB1IJCrXfrbv5oqU=",
        "owner": "edolstra",
        "repo": "flake-compat",
        "rev": "ff81ac966bb2cae68946d5ed5fc4994f96d0ffec",
        "type": "github"
      },
      "original": {
        "owner": "edolstra",
        "repo": "flake-compat",
        "type": "github"
      }
    },
    "flake-compat_3": {
      "flake": false,
      "locked": {
        "lastModified": 1696426674,
        "narHash": "sha256-kvjfFW7WAETZlt09AgDn1MrtKzP7t90Vf7vypd3OL1U=",
        "owner": "edolstra",
        "repo": "flake-compat",
        "rev": "0f9255e01c2351cc7d116c072cb317785dd33b33",
        "type": "github"
      },
      "original": {
        "owner": "edolstra",
        "repo": "flake-compat",
        "type": "github"
      }
    },
    "flake-compat_4": {
      "flake": false,
      "locked": {
        "lastModified": 1751685974,
        "narHash": "sha256-NKw96t+BgHIYzHUjkTK95FqYRVKB8DHpVhefWSz/kTw=",
        "ref": "refs/heads/main",
        "rev": "549f2762aebeff29a2e5ece7a7dc0f955281a1d1",
        "revCount": 92,
        "type": "git",
        "url": "https://git.lix.systems/lix-project/flake-compat.git"
      },
      "original": {
        "type": "git",
        "url": "https://git.lix.systems/lix-project/flake-compat.git"
      }
    },
    "flake-parts": {
      "inputs": {
        "nixpkgs-lib": "nixpkgs-lib"
      },
      "locked": {
        "lastModified": 1749398372,
        "narHash": "sha256-tYBdgS56eXYaWVW3fsnPQ/nFlgWi/Z2Ymhyu21zVM98=",
        "owner": "hercules-ci",
        "repo": "flake-parts",
        "rev": "9305fe4e5c2a6fcf5ba6a3ff155720fbe4076569",
        "type": "github"
      },
      "original": {
        "owner": "hercules-ci",
        "repo": "flake-parts",
        "type": "github"
      }
    },
    "flake-parts_2": {
      "inputs": {
        "nixpkgs-lib": [
          "lanzaboote",
          "nixpkgs"
        ]
      },
      "locked": {
        "lastModified": 1730504689,
        "narHash": "sha256-hgmguH29K2fvs9szpq2r3pz2/8cJd2LPS+b4tfNFCwE=",
        "owner": "hercules-ci",
        "repo": "flake-parts",
        "rev": "506278e768c2a08bec68eb62932193e341f55c90",
        "type": "github"
      },
      "original": {
        "owner": "hercules-ci",
        "repo": "flake-parts",
        "type": "github"
      }
    },
    "flake-parts_3": {
      "inputs": {
        "nixpkgs-lib": [
          "nvf",
          "nixpkgs"
        ]
      },
      "locked": {
        "lastModified": 1749398372,
        "narHash": "sha256-tYBdgS56eXYaWVW3fsnPQ/nFlgWi/Z2Ymhyu21zVM98=",
        "owner": "hercules-ci",
        "repo": "flake-parts",
        "rev": "9305fe4e5c2a6fcf5ba6a3ff155720fbe4076569",
        "type": "github"
      },
      "original": {
        "owner": "hercules-ci",
        "repo": "flake-parts",
        "type": "github"
      }
    },
    "flake-utils": {
      "inputs": {
        "systems": [
          "authentik-nix",
          "systems"
        ]
      },
      "locked": {
        "lastModified": 1731533236,
        "narHash": "sha256-l0KFg5HjrsfsO/JpG+r7fRrqm12kzFHyUHqHCVpMMbI=",
        "owner": "numtide",
        "repo": "flake-utils",
        "rev": "11707dc2f618dd54ca8739b309ec4fc024de578b",
        "type": "github"
      },
      "original": {
        "owner": "numtide",
        "repo": "flake-utils",
        "type": "github"
      }
    },
    "flake-utils_2": {
      "inputs": {
        "systems": "systems_2"
      },
      "locked": {
        "lastModified": 1731533236,
        "narHash": "sha256-l0KFg5HjrsfsO/JpG+r7fRrqm12kzFHyUHqHCVpMMbI=",
        "owner": "numtide",
        "repo": "flake-utils",
        "rev": "11707dc2f618dd54ca8739b309ec4fc024de578b",
        "type": "github"
      },
      "original": {
        "owner": "numtide",
        "repo": "flake-utils",
        "type": "github"
      }
    },
    "flake-utils_3": {
      "inputs": {
        "systems": [
          "nvf",
          "systems"
        ]
      },
      "locked": {
        "lastModified": 1731533236,
        "narHash": "sha256-l0KFg5HjrsfsO/JpG+r7fRrqm12kzFHyUHqHCVpMMbI=",
        "owner": "numtide",
        "repo": "flake-utils",
        "rev": "11707dc2f618dd54ca8739b309ec4fc024de578b",
        "type": "github"
      },
      "original": {
        "owner": "numtide",
        "repo": "flake-utils",
        "type": "github"
      }
    },
    "gitignore": {
      "inputs": {
        "nixpkgs": [
          "lanzaboote",
          "pre-commit-hooks-nix",
          "nixpkgs"
        ]
      },
      "locked": {
        "lastModified": 1709087332,
        "narHash": "sha256-HG2cCnktfHsKV0s4XW83gU3F57gaTljL9KNSuG6bnQs=",
        "owner": "hercules-ci",
        "repo": "gitignore.nix",
        "rev": "637db329424fd7e46cf4185293b9cc8c88c95394",
        "type": "github"
      },
      "original": {
        "owner": "hercules-ci",
        "repo": "gitignore.nix",
        "type": "github"
      }
    },
    "home-manager": {
      "inputs": {
        "nixpkgs": [
          "nixpkgs"
        ]
      },
      "locked": {
        "lastModified": 1753056897,
        "narHash": "sha256-AVVMBFcuOXqIgmShvRv9TED3fkiZhQ0ZvlhsPoFfkNE=",
        "owner": "nix-community",
        "repo": "home-manager",
        "rev": "13a83d1b6545b7f0e8f7689bad62e7a3b1d63771",
        "type": "github"
      },
      "original": {
        "owner": "nix-community",
        "repo": "home-manager",
        "type": "github"
      }
    },
    "impermanence": {
      "locked": {
        "lastModified": 1737831083,
        "narHash": "sha256-LJggUHbpyeDvNagTUrdhe/pRVp4pnS6wVKALS782gRI=",
        "owner": "nix-community",
        "repo": "impermanence",
        "rev": "4b3e914cdf97a5b536a889e939fb2fd2b043a170",
        "type": "github"
      },
      "original": {
        "owner": "nix-community",
        "repo": "impermanence",
        "type": "github"
      }
    },
    "lanzaboote": {
      "inputs": {
        "crane": "crane",
        "flake-compat": "flake-compat_3",
        "flake-parts": "flake-parts_2",
        "nixpkgs": [
          "nixpkgs"
        ],
        "pre-commit-hooks-nix": "pre-commit-hooks-nix",
        "rust-overlay": "rust-overlay_2"
      },
      "locked": {
        "lastModified": 1737639419,
        "narHash": "sha256-AEEDktApTEZ5PZXNDkry2YV2k6t0dTgLPEmAZbnigXU=",
        "owner": "nix-community",
        "repo": "lanzaboote",
        "rev": "a65905a09e2c43ff63be8c0e86a93712361f871e",
        "type": "github"
      },
      "original": {
        "owner": "nix-community",
        "ref": "v0.4.2",
        "repo": "lanzaboote",
        "type": "github"
      }
    },
    "mnw": {
      "locked": {
        "lastModified": 1748710831,
        "narHash": "sha256-eZu2yH3Y2eA9DD3naKWy/sTxYS5rPK2hO7vj8tvUCSU=",
        "owner": "Gerg-L",
        "repo": "mnw",
        "rev": "cff958a4e050f8d917a6ff3a5624bc4681c6187d",
        "type": "github"
      },
      "original": {
        "owner": "Gerg-L",
        "repo": "mnw",
        "type": "github"
      }
    },
    "mysecrets": {
      "flake": false,
      "locked": {
        "lastModified": 1752041908,
        "narHash": "sha256-aWIt/7NEtpJqZYaiCNxOWyLgdhRntdFwPXl7AQFwgn8=",
        "ref": "main",
        "rev": "46af2ae66ff3a44121afa6298ac100360cc94cad",
        "shallow": true,
        "type": "git",
        "url": "ssh://git@github.com/sebastianrasor/nix-secrets.git"
      },
      "original": {
        "ref": "main",
        "shallow": true,
        "type": "git",
        "url": "ssh://git@github.com/sebastianrasor/nix-secrets.git"
      }
    },
    "napalm": {
      "inputs": {
        "flake-utils": [
          "authentik-nix",
          "flake-utils"
        ],
        "nixpkgs": [
          "authentik-nix",
          "nixpkgs"
        ]
      },
      "locked": {
        "lastModified": 1725806412,
        "narHash": "sha256-lGZjkjds0p924QEhm/r0BhAxbHBJE1xMOldB/HmQH04=",
        "owner": "willibutz",
        "repo": "napalm",
        "rev": "b492440d9e64ae20736d3bec5c7715ffcbde83f5",
        "type": "github"
      },
      "original": {
        "owner": "willibutz",
        "ref": "avoid-foldl-stack-overflow",
        "repo": "napalm",
        "type": "github"
      }
    },
    "nixos-hardware": {
      "locked": {
        "lastModified": 1752666637,
        "narHash": "sha256-P8J72psdc/rWliIvp8jUpoQ6qRDlVzgSDDlgkaXQ0Fw=",
        "owner": "NixOS",
        "repo": "nixos-hardware",
        "rev": "d1bfa8f6ccfb5c383e1eba609c1eb67ca24ed153",
        "type": "github"
      },
      "original": {
        "owner": "NixOS",
        "ref": "master",
        "repo": "nixos-hardware",
        "type": "github"
      }
    },
    "nixpkgs": {
      "locked": {
        "lastModified": 1750776420,
        "narHash": "sha256-/CG+w0o0oJ5itVklOoLbdn2dGB0wbZVOoDm4np6w09A=",
        "owner": "NixOS",
        "repo": "nixpkgs",
        "rev": "30a61f056ac492e3b7cdcb69c1e6abdcf00e39cf",
        "type": "github"
      },
      "original": {
        "owner": "NixOS",
        "ref": "nixos-unstable",
        "repo": "nixpkgs",
        "type": "github"
      }
    },
    "nixpkgs-lib": {
      "locked": {
        "lastModified": 1748740939,
        "narHash": "sha256-rQaysilft1aVMwF14xIdGS3sj1yHlI6oKQNBRTF40cc=",
        "owner": "nix-community",
        "repo": "nixpkgs.lib",
        "rev": "656a64127e9d791a334452c6b6606d17539476e2",
        "type": "github"
      },
      "original": {
        "owner": "nix-community",
        "repo": "nixpkgs.lib",
        "type": "github"
      }
    },
    "nixpkgs-stable": {
      "locked": {
        "lastModified": 1730741070,
        "narHash": "sha256-edm8WG19kWozJ/GqyYx2VjW99EdhjKwbY3ZwdlPAAlo=",
        "owner": "NixOS",
        "repo": "nixpkgs",
        "rev": "d063c1dd113c91ab27959ba540c0d9753409edf3",
        "type": "github"
      },
      "original": {
        "owner": "NixOS",
        "ref": "nixos-24.05",
        "repo": "nixpkgs",
        "type": "github"
      }
    },
    "nixpkgs_2": {
      "locked": {
        "lastModified": 1744536153,
        "narHash": "sha256-awS2zRgF4uTwrOKwwiJcByDzDOdo3Q1rPZbiHQg/N38=",
        "owner": "NixOS",
        "repo": "nixpkgs",
        "rev": "18dd725c29603f582cf1900e0d25f9f1063dbf11",
        "type": "github"
      },
      "original": {
        "owner": "NixOS",
        "ref": "nixpkgs-unstable",
        "repo": "nixpkgs",
        "type": "github"
      }
    },
    "nixpkgs_3": {
      "locked": {
        "lastModified": 1743014863,
        "narHash": "sha256-jAIUqsiN2r3hCuHji80U7NNEafpIMBXiwKlSrjWMlpg=",
        "owner": "NixOS",
        "repo": "nixpkgs",
        "rev": "bd3bac8bfb542dbde7ffffb6987a1a1f9d41699f",
        "type": "github"
      },
      "original": {
        "owner": "NixOS",
        "ref": "nixpkgs-unstable",
        "repo": "nixpkgs",
        "type": "github"
      }
    },
    "nixpkgs_4": {
      "locked": {
        "lastModified": 1752950548,
        "narHash": "sha256-NS6BLD0lxOrnCiEOcvQCDVPXafX1/ek1dfJHX1nUIzc=",
        "owner": "NixOS",
        "repo": "nixpkgs",
        "rev": "c87b95e25065c028d31a94f06a62927d18763fdf",
        "type": "github"
      },
      "original": {
        "owner": "NixOS",
        "ref": "nixos-unstable",
        "repo": "nixpkgs",
        "type": "github"
      }
    },
    "nvf": {
      "inputs": {
        "flake-compat": "flake-compat_4",
        "flake-parts": "flake-parts_3",
        "flake-utils": "flake-utils_3",
        "mnw": "mnw",
        "nixpkgs": [
          "nixpkgs"
        ],
        "systems": "systems_4"
      },
      "locked": {
        "lastModified": 1753013169,
        "narHash": "sha256-ZhhHGYEuBiHgWjAvFcvjiNyWDz2b3WsYoW+xw92LiYs=",
        "owner": "notashelf",
        "repo": "nvf",
        "rev": "da1fed218b2dda294190e004da4d5bec7d43ec34",
        "type": "github"
      },
      "original": {
        "owner": "notashelf",
        "repo": "nvf",
        "type": "github"
      }
    },
    "pre-commit-hooks-nix": {
      "inputs": {
        "flake-compat": [
          "lanzaboote",
          "flake-compat"
        ],
        "gitignore": "gitignore",
        "nixpkgs": [
          "lanzaboote",
          "nixpkgs"
        ],
        "nixpkgs-stable": "nixpkgs-stable"
      },
      "locked": {
        "lastModified": 1731363552,
        "narHash": "sha256-vFta1uHnD29VUY4HJOO/D6p6rxyObnf+InnSMT4jlMU=",
        "owner": "cachix",
        "repo": "pre-commit-hooks.nix",
        "rev": "cd1af27aa85026ac759d5d3fccf650abe7e1bbf0",
        "type": "github"
      },
      "original": {
        "owner": "cachix",
        "repo": "pre-commit-hooks.nix",
        "type": "github"
      }
    },
    "pyproject-build-systems": {
      "inputs": {
        "nixpkgs": [
          "authentik-nix",
          "nixpkgs"
        ],
        "pyproject-nix": [
          "authentik-nix",
          "pyproject-nix"
        ],
        "uv2nix": [
          "authentik-nix",
          "uv2nix"
        ]
      },
      "locked": {
        "lastModified": 1749519371,
        "narHash": "sha256-UJONN7mA2stweZCoRcry2aa1XTTBL0AfUOY84Lmqhos=",
        "owner": "pyproject-nix",
        "repo": "build-system-pkgs",
        "rev": "7c06967eca687f3482624250428cc12f43c92523",
        "type": "github"
      },
      "original": {
        "owner": "pyproject-nix",
        "repo": "build-system-pkgs",
        "type": "github"
      }
    },
    "pyproject-nix": {
      "inputs": {
        "nixpkgs": [
          "authentik-nix",
          "nixpkgs"
        ]
      },
      "locked": {
        "lastModified": 1750499893,
        "narHash": "sha256-ThKBd8XSvITAh2JqU7enOp8AfKeQgf9u7zYC41cnBE4=",
        "owner": "pyproject-nix",
        "repo": "pyproject.nix",
        "rev": "e824458bd917b44bf4c38795dea2650336b2f55d",
        "type": "github"
      },
      "original": {
        "owner": "pyproject-nix",
        "repo": "pyproject.nix",
        "type": "github"
      }
    },
    "root": {
      "inputs": {
        "authentik-nix": "authentik-nix",
        "checkemail": "checkemail",
        "deploy-rs": "deploy-rs",
        "home-manager": "home-manager",
        "impermanence": "impermanence",
        "lanzaboote": "lanzaboote",
        "mysecrets": "mysecrets",
        "nixos-hardware": "nixos-hardware",
        "nixpkgs": "nixpkgs_4",
        "nvf": "nvf",
        "sops-nix": "sops-nix",
        "yubikey-touch-detector": "yubikey-touch-detector"
      }
    },
    "rust-overlay": {
      "inputs": {
        "nixpkgs": "nixpkgs_2"
      },
      "locked": {
        "lastModified": 1751251399,
        "narHash": "sha256-y+viCuy/eKKpkX1K2gDvXIJI/yzvy6zA3HObapz9XZ0=",
        "owner": "oxalica",
        "repo": "rust-overlay",
        "rev": "b22d5ee8c60ed1291521f2dde48784edd6bf695b",
        "type": "github"
      },
      "original": {
        "owner": "oxalica",
        "repo": "rust-overlay",
        "type": "github"
      }
    },
    "rust-overlay_2": {
      "inputs": {
        "nixpkgs": [
          "lanzaboote",
          "nixpkgs"
        ]
      },
      "locked": {
        "lastModified": 1731897198,
        "narHash": "sha256-Ou7vLETSKwmE/HRQz4cImXXJBr/k9gp4J4z/PF8LzTE=",
        "owner": "oxalica",
        "repo": "rust-overlay",
        "rev": "0be641045af6d8666c11c2c40e45ffc9667839b5",
        "type": "github"
      },
      "original": {
        "owner": "oxalica",
        "repo": "rust-overlay",
        "type": "github"
      }
    },
    "sops-nix": {
      "inputs": {
        "nixpkgs": [
          "nixpkgs"
        ]
      },
      "locked": {
        "lastModified": 1752544651,
        "narHash": "sha256-GllP7cmQu7zLZTs9z0J2gIL42IZHa9CBEXwBY9szT0U=",
        "owner": "Mic92",
        "repo": "sops-nix",
        "rev": "2c8def626f54708a9c38a5861866660395bb3461",
        "type": "github"
      },
      "original": {
        "owner": "Mic92",
        "repo": "sops-nix",
        "type": "github"
      }
    },
    "systems": {
      "locked": {
        "lastModified": 1689347949,
        "narHash": "sha256-12tWmuL2zgBgZkdoB6qXZsgJEH9LR3oUgpaQq2RbI80=",
        "owner": "nix-systems",
        "repo": "default-linux",
        "rev": "31732fcf5e8fea42e59c2488ad31a0e651500f68",
        "type": "github"
      },
      "original": {
        "owner": "nix-systems",
        "repo": "default-linux",
        "type": "github"
      }
    },
    "systems_2": {
      "locked": {
        "lastModified": 1681028828,
        "narHash": "sha256-Vy1rq5AaRuLzOxct8nz4T6wlgyUR7zLU309k9mBC768=",
        "owner": "nix-systems",
        "repo": "default",
        "rev": "da67096a3b9bf56a91d16901293e51ba5b49a27e",
        "type": "github"
      },
      "original": {
        "owner": "nix-systems",
        "repo": "default",
        "type": "github"
      }
    },
    "systems_3": {
      "locked": {
        "lastModified": 1681028828,
        "narHash": "sha256-Vy1rq5AaRuLzOxct8nz4T6wlgyUR7zLU309k9mBC768=",
        "owner": "nix-systems",
        "repo": "default",
        "rev": "da67096a3b9bf56a91d16901293e51ba5b49a27e",
        "type": "github"
      },
      "original": {
        "owner": "nix-systems",
        "repo": "default",
        "type": "github"
      }
    },
    "systems_4": {
      "locked": {
        "lastModified": 1681028828,
        "narHash": "sha256-Vy1rq5AaRuLzOxct8nz4T6wlgyUR7zLU309k9mBC768=",
        "owner": "nix-systems",
        "repo": "default",
        "rev": "da67096a3b9bf56a91d16901293e51ba5b49a27e",
        "type": "github"
      },
      "original": {
        "owner": "nix-systems",
        "repo": "default",
        "type": "github"
      }
    },
    "utils": {
      "inputs": {
        "systems": "systems_3"
      },
      "locked": {
        "lastModified": 1731533236,
        "narHash": "sha256-l0KFg5HjrsfsO/JpG+r7fRrqm12kzFHyUHqHCVpMMbI=",
        "owner": "numtide",
        "repo": "flake-utils",
        "rev": "11707dc2f618dd54ca8739b309ec4fc024de578b",
        "type": "github"
      },
      "original": {
        "owner": "numtide",
        "repo": "flake-utils",
        "type": "github"
      }
    },
    "uv2nix": {
      "inputs": {
        "nixpkgs": [
          "authentik-nix",
          "nixpkgs"
        ],
        "pyproject-nix": [
          "authentik-nix",
          "pyproject-nix"
        ]
      },
      "locked": {
        "lastModified": 1750987094,
        "narHash": "sha256-GujDElxLgYatnNvuL1U6qd18lcuG6anJMjpfYRScV08=",
        "owner": "pyproject-nix",
        "repo": "uv2nix",
        "rev": "4b703d851b61e664a70238711a8ff0efa1aa2f52",
        "type": "github"
      },
      "original": {
        "owner": "pyproject-nix",
        "repo": "uv2nix",
        "type": "github"
      }
    },
    "yubikey-touch-detector": {
      "inputs": {
        "nixpkgs": [
          "nixpkgs"
        ]
      },
      "locked": {
        "lastModified": 1749061849,
        "narHash": "sha256-aHR/y8rAKS+dMvRdB3oAmOiI7hTA6qlF4Z05OjwYOO4=",
        "owner": "maximbaz",
        "repo": "yubikey-touch-detector",
        "rev": "83d8df88807ecdad4ec6c695901275ffdb4474c6",
        "type": "github"
      },
      "original": {
        "owner": "maximbaz",
        "repo": "yubikey-touch-detector",
        "type": "github"
      }
    }
  },
  "root": "root",
  "version": 7
}
